lockfileVersion: 5.3

specifiers:
  ahooks: ^3.3.6
  query-string: ^6.9.0

dependencies:
  ahooks: 3.3.8
  query-string: 6.14.1

packages:
  /@types/js-cookie/2.2.7:
    resolution:
      {
        integrity: sha512-aLkWa0C0vO5b4Sr798E26QgOkss68Un0bLjs7u9qxzPT5CG+8DuNTffWES58YzJs3hrVAOs1wonycqEBqNJubA==,
      }
    dev: false

  /ahooks-v3-count/1.0.0:
    resolution:
      {
        integrity: sha512-V7uUvAwnimu6eh/PED4mCDjE7tokeZQLKlxg9lCTMPhN+NjsSbtdacByVlR1oluXQzD3MOw55wylDmQo4+S9ZQ==,
      }
    dev: false

  /ahooks/3.3.8:
    resolution:
      {
        integrity: sha512-jMfUTiWfd6KgfFAdY06kXIqXNC0Ak7Yq7Xw8zJjjS/qKDbqoBYZALYTqwmfo9KM81tAHiTVytvwBTIAhbx0w6w==,
      }
    engines: { node: '>=8.0.0' }
    peerDependencies:
      react: ^16.8.0 || ^17.0.0 || ^18.0.0
    dependencies:
      '@types/js-cookie': 2.2.7
      ahooks-v3-count: 1.0.0
      dayjs: 1.11.1
      intersection-observer: 0.12.0
      js-cookie: 2.2.1
      lodash: 4.17.21
      resize-observer-polyfill: 1.5.1
      screenfull: 5.2.0
    dev: false

  /dayjs/1.11.1:
    resolution:
      {
        integrity: sha512-ER7EjqVAMkRRsxNCC5YqJ9d9VQYuWdGt7aiH2qA5R5wt8ZmWaP2dLUSIK6y/kVzLMlmh1Tvu5xUf4M/wdGJ5KA==,
      }
    dev: false

  /decode-uri-component/0.2.0:
    resolution:
      {
        integrity: sha512-hjf+xovcEn31w/EUYdTXQh/8smFL/dzYjohQGEIgjyNavaJfBY2p5F527Bo1VPATxv0VYTUC2bOcXvqFwk78Og==,
      }
    engines: { node: '>=0.10' }
    dev: false

  /filter-obj/1.1.0:
    resolution:
      {
        integrity: sha512-8rXg1ZnX7xzy2NGDVkBVaAy+lSlPNwad13BtgSlLuxfIslyt5Vg64U7tFcCt4WS1R0hvtnQybT/IyCkGZ3DpXQ==,
      }
    engines: { node: '>=0.10.0' }
    dev: false

  /intersection-observer/0.12.0:
    resolution:
      {
        integrity: sha512-2Vkz8z46Dv401zTWudDGwO7KiGHNDkMv417T5ItcNYfmvHR/1qCTVBO9vwH8zZmQ0WkA/1ARwpysR9bsnop4NQ==,
      }
    dev: false

  /js-cookie/2.2.1:
    resolution:
      {
        integrity: sha512-HvdH2LzI/EAZcUwA8+0nKNtWHqS+ZmijLA30RwZA0bo7ToCckjK5MkGhjED9KoRcXO6BaGI3I9UIzSA1FKFPOQ==,
      }
    dev: false

  /lodash/4.17.21:
    resolution:
      {
        integrity: sha512-v2kDEe57lecTulaDIuNTPy3Ry4gLGJ6Z1O3vE1krgXZNrsQ+LFTGHVxVjcXPs17LhbZVGedAJv8XZ1tvj5FvSg==,
      }
    dev: false

  /query-string/6.14.1:
    resolution:
      {
        integrity: sha512-XDxAeVmpfu1/6IjyT/gXHOl+S0vQ9owggJ30hhWKdHAsNPOcasn5o9BW0eejZqL2e4vMjhAxoW3jVHcD6mbcYw==,
      }
    engines: { node: '>=6' }
    dependencies:
      decode-uri-component: 0.2.0
      filter-obj: 1.1.0
      split-on-first: 1.1.0
      strict-uri-encode: 2.0.0
    dev: false

  /resize-observer-polyfill/1.5.1:
    resolution:
      {
        integrity: sha512-LwZrotdHOo12nQuZlHEmtuXdqGoOD0OhaxopaNFxWzInpEgaLWoVuAMbTzixuosCx2nEG58ngzW3vxdWoxIgdg==,
      }
    dev: false

  /screenfull/5.2.0:
    resolution:
      {
        integrity: sha512-9BakfsO2aUQN2K9Fdbj87RJIEZ82Q9IGim7FqM5OsebfoFC6ZHXgDq/KvniuLTPdeM8wY2o6Dj3WQ7KeQCj3cA==,
      }
    engines: { node: '>=0.10.0' }
    dev: false

  /split-on-first/1.1.0:
    resolution:
      {
        integrity: sha512-43ZssAJaMusuKWL8sKUBQXHWOpq8d6CfN/u1p4gUzfJkM05C8rxTmYrkIPTXapZpORA6LkkzcUulJ8FqA7Uudw==,
      }
    engines: { node: '>=6' }
    dev: false

  /strict-uri-encode/2.0.0:
    resolution:
      {
        integrity: sha512-QwiXZgpRcKkhTj2Scnn++4PKtWsH0kpzZ62L2R6c/LUVYv7hVnZqcg2+sMuT6R7Jusu1vviK/MFsu6kNJfWlEQ==,
      }
    engines: { node: '>=4' }
    dev: false
