lockfileVersion: 5.3

specifiers:
  '@alifd/next': ^1.20.6
  '@ant-design/icons': ^4.6.2
  '@types/enzyme': ^3.10.5
  '@types/js-cookie': ^2.x.x
  ahooks-v3-count: ^1.0.0
  antd: ^4.16.9
  dayjs: ^1.9.1
  enzyme-adapter-react-16: ^1.15.4
  intersection-observer: ^0.12.0
  jest-websocket-mock: ^2.1.0
  js-cookie: ^2.x.x
  lodash: ^4.17.21
  mock-socket: ^9.0.3
  mockjs: ^1.1.0
  react-drag-listview: ^0.1.6
  resize-observer-polyfill: ^1.5.1
  screenfull: ^5.0.0

dependencies:
  '@types/js-cookie': 2.2.7
  ahooks-v3-count: 1.0.0
  dayjs: 1.11.1
  intersection-observer: 0.12.0
  js-cookie: 2.2.1
  lodash: 4.17.21
  resize-observer-polyfill: 1.5.1
  screenfull: 5.2.0

devDependencies:
  '@alifd/next': 1.25.30
  '@ant-design/icons': 4.7.0
  '@types/enzyme': 3.10.12
  antd: 4.19.5
  enzyme-adapter-react-16: 1.15.6
  jest-websocket-mock: 2.3.0
  mock-socket: 9.1.2
  mockjs: 1.1.0
  react-drag-listview: 0.1.9

packages:
  /@alifd/field/1.5.8:
    resolution:
      {
        integrity: sha512-RBbwEeex2lb9fFjsXU3wJp2FZGPS75svKzOcDb9ZtKHiVU3byD6zuB0/hzJ9Exb0DkOgykFc6gF76QoaYF4+Ug==,
      }
    dependencies:
      '@alifd/validate': 1.2.3
      prop-types: 15.8.1
    dev: true

  /@alifd/next/1.25.30:
    resolution:
      {
        integrity: sha512-33Tk8lXEnXkbe0NODZm/yaK3inLmF5xK8ZVBrgPCtI92mCvUtvjXL7bWVgSVi6abyCq0ZapEhaNwhCgpFl5lsw==,
      }
    peerDependencies:
      '@alifd/meet-react': ^2.0.0
      moment: ^2.22.1
      react: '>=16.0.0'
      react-dom: '>=16.0.0'
    dependencies:
      '@alifd/field': 1.5.8
      '@alifd/overlay': 0.2.11
      '@alifd/validate': 1.2.3
      babel-runtime: 6.26.0
      bignumber.js: 9.0.2
      classnames: 2.3.1
      dayjs: 1.11.1
      hoist-non-react-statics: 3.3.2
      lodash.clonedeep: 4.5.0
      prop-types: 15.8.1
      react-lifecycles-compat: 3.0.4
      react-transition-group: 2.9.0
      resize-observer-polyfill: 1.5.1
      shallow-element-equals: 1.0.1
    dev: true

  /@alifd/overlay/0.2.11:
    resolution:
      {
        integrity: sha512-O/UNWFYfsvHBMEd9xKEhSuU3DLK3MllqWr+PAhQUgbtdKKSvmOuCylNsR9eQDQ8NRG12qj6fmCq3UXZr5c4XTA==,
      }
    dependencies:
      resize-observer-polyfill: 1.5.1
    dev: true

  /@alifd/validate/1.2.3:
    resolution:
      {
        integrity: sha512-ggSBfpl3H8M2OEM95zC9NQc4cBvne/Eq4mTHZHWtqYI/6Vnz0k1fGx3hnYsdGu3c3hF4l6sUDPulactM6lSXtA==,
      }
    dev: true

  /@ant-design/colors/6.0.0:
    resolution:
      {
        integrity: sha512-qAZRvPzfdWHtfameEGP2Qvuf838NhergR35o+EuVyB5XvSA98xod5r4utvi4TJ3ywmevm290g9nsCG5MryrdWQ==,
      }
    dependencies:
      '@ctrl/tinycolor': 3.4.1
    dev: true

  /@ant-design/icons-svg/4.2.1:
    resolution:
      {
        integrity: sha512-EB0iwlKDGpG93hW8f85CTJTs4SvMX7tt5ceupvhALp1IF44SeUFOMhKUOYqpsoYWQKAOuTRDMqn75rEaKDp0Xw==,
      }
    dev: true

  /@ant-design/icons/4.7.0:
    resolution:
      {
        integrity: sha512-aoB4Z7JA431rt6d4u+8xcNPPCrdufSRMUOpxa1ab6mz1JCQZOEVolj2WVs/tDFmN62zzK30mNelEsprLYsSF3g==,
      }
    engines: { node: '>=8' }
    peerDependencies:
      react: '>=16.0.0'
      react-dom: '>=16.0.0'
    dependencies:
      '@ant-design/colors': 6.0.0
      '@ant-design/icons-svg': 4.2.1
      '@babel/runtime': 7.17.9
      classnames: 2.3.1
      rc-util: 5.20.1
    dev: true

  /@ant-design/react-slick/0.28.4:
    resolution:
      {
        integrity: sha512-j9eAHTn7GxbXUFNknJoHS2ceAsqrQi2j8XykjZE1IXCD8kJF+t28EvhBLniDpbOsBk/3kjalnhriTfZcjBHNqg==,
      }
    peerDependencies:
      react: '>=16.9.0'
    dependencies:
      '@babel/runtime': 7.17.9
      classnames: 2.3.1
      json2mq: 0.2.0
      lodash: 4.17.21
      resize-observer-polyfill: 1.5.1
    dev: true

  /@babel/runtime/7.17.9:
    resolution:
      {
        integrity: sha512-lSiBBvodq29uShpWGNbgFdKYNiFDo5/HIYsaCEY9ff4sb10x9jizo2+pRrSyF4jKZCXqgzuqBOQKbUm90gQwJg==,
      }
    engines: { node: '>=6.9.0' }
    dependencies:
      regenerator-runtime: 0.13.9
    dev: true

  /@ctrl/tinycolor/3.4.1:
    resolution:
      {
        integrity: sha512-ej5oVy6lykXsvieQtqZxCOaLT+xD4+QNarq78cIYISHmZXshCvROLudpQN3lfL8G0NL7plMSSK+zlyvCaIJ4Iw==,
      }
    engines: { node: '>=10' }
    dev: true

  /@types/cheerio/0.22.31:
    resolution:
      {
        integrity: sha512-Kt7Cdjjdi2XWSfrZ53v4Of0wG3ZcmaegFXjMmz9tfNrZSkzzo36G0AL1YqSdcIA78Etjt6E609pt5h1xnQkPUw==,
      }
    dependencies:
      '@types/node': 17.0.24
    dev: true

  /@types/enzyme/3.10.12:
    resolution:
      {
        integrity: sha512-xryQlOEIe1TduDWAOphR0ihfebKFSWOXpIsk+70JskCfRfW+xALdnJ0r1ZOTo85F9Qsjk6vtlU7edTYHbls9tA==,
      }
    dependencies:
      '@types/cheerio': 0.22.31
      '@types/react': 18.0.5
    dev: true

  /@types/js-cookie/2.2.7:
    resolution:
      {
        integrity: sha512-aLkWa0C0vO5b4Sr798E26QgOkss68Un0bLjs7u9qxzPT5CG+8DuNTffWES58YzJs3hrVAOs1wonycqEBqNJubA==,
      }
    dev: false

  /@types/node/17.0.24:
    resolution:
      {
        integrity: sha512-aveCYRQbgTH9Pssp1voEP7HiuWlD2jW2BO56w+bVrJn04i61yh6mRfoKO6hEYQD9vF+W8Chkwc6j1M36uPkx4g==,
      }
    dev: true

  /@types/prop-types/15.7.5:
    resolution:
      {
        integrity: sha512-JCB8C6SnDoQf0cNycqd/35A7MjcnK+ZTqE7judS6o7utxUCg6imJg3QK2qzHKszlTjcj2cn+NwMB2i96ubpj7w==,
      }
    dev: true

  /@types/react/18.0.5:
    resolution:
      {
        integrity: sha512-UPxNGInDCIKlfqBrm8LDXYWNfLHwIdisWcsH5GpMyGjhEDLFgTtlRBaoWuCua9HcyuE0rMkmAeZ3FXV1pYLIYQ==,
      }
    dependencies:
      '@types/prop-types': 15.7.5
      '@types/scheduler': 0.16.2
      csstype: 3.0.11
    dev: true

  /@types/scheduler/0.16.2:
    resolution:
      {
        integrity: sha512-hppQEBDmlwhFAXKJX2KnWLYu5yMfi91yazPb2l+lbJiwW+wdo1gNeRA+3RgNSO39WYX2euey41KEwnqesU2Jew==,
      }
    dev: true

  /ahooks-v3-count/1.0.0:
    resolution:
      {
        integrity: sha512-V7uUvAwnimu6eh/PED4mCDjE7tokeZQLKlxg9lCTMPhN+NjsSbtdacByVlR1oluXQzD3MOw55wylDmQo4+S9ZQ==,
      }
    dev: false

  /airbnb-prop-types/2.16.0:
    resolution:
      {
        integrity: sha512-7WHOFolP/6cS96PhKNrslCLMYAI8yB1Pp6u6XmxozQOiZbsI5ycglZr5cHhBFfuRcQQjzCMith5ZPZdYiJCxUg==,
      }
    peerDependencies:
      react: ^0.14 || ^15.0.0 || ^16.0.0-alpha
    dependencies:
      array.prototype.find: 2.2.0
      function.prototype.name: 1.1.5
      is-regex: 1.1.4
      object-is: 1.1.5
      object.assign: 4.1.2
      object.entries: 1.1.5
      prop-types: 15.8.1
      prop-types-exact: 1.2.0
      react-is: 16.13.1
    dev: true

  /ansi-regex/5.0.1:
    resolution:
      {
        integrity: sha512-quJQXlTSUGL2LH9SUXo8VwsY4soanhgo6LNSm84E1LBcE8s3O0wpdiRzyR9z/ZZJMlMWv37qOOb9pdJlMUEKFQ==,
      }
    engines: { node: '>=8' }
    dev: true

  /ansi-styles/4.3.0:
    resolution:
      {
        integrity: sha512-zbB9rCJAT1rbjiVDb2hqKFHNYLxgtk8NURxZ3IZwD3F6NtxbXZQCnnSi1Lkx+IDohdPlFp222wVALIheZJQSEg==,
      }
    engines: { node: '>=8' }
    dependencies:
      color-convert: 2.0.1
    dev: true

  /ansi-styles/5.2.0:
    resolution:
      {
        integrity: sha512-Cxwpt2SfTzTtXcfOlzGEee8O+c+MmUgGrNiBcXnuWxuFJHe6a5Hz7qwhwe5OgaSYI0IJvkLqWX1ASG+cJOkEiA==,
      }
    engines: { node: '>=10' }
    dev: true

  /antd/4.19.5:
    resolution:
      {
        integrity: sha512-C4H/VJqlVO5iMvHZyiV27R8SbPs4jsOKCGPhDXIHUry/RnUCbMmVeQaPRfUIxSI1NbqDflsuQfevPtz1svyIlg==,
      }
    peerDependencies:
      react: '>=16.9.0'
      react-dom: '>=16.9.0'
    dependencies:
      '@ant-design/colors': 6.0.0
      '@ant-design/icons': 4.7.0
      '@ant-design/react-slick': 0.28.4
      '@babel/runtime': 7.17.9
      '@ctrl/tinycolor': 3.4.1
      classnames: 2.3.1
      copy-to-clipboard: 3.3.1
      lodash: 4.17.21
      memoize-one: 6.0.0
      moment: 2.29.2
      rc-cascader: 3.2.9
      rc-checkbox: 2.3.2
      rc-collapse: 3.1.4
      rc-dialog: 8.6.0
      rc-drawer: 4.4.3
      rc-dropdown: 3.3.3
      rc-field-form: 1.25.2
      rc-image: 5.2.5
      rc-input: 0.0.1-alpha.6
      rc-input-number: 7.3.4
      rc-mentions: 1.6.5
      rc-menu: 9.3.2
      rc-motion: 2.4.9
      rc-notification: 4.5.7
      rc-pagination: 3.1.15
      rc-picker: 2.6.7
      rc-progress: 3.2.4
      rc-rate: 2.9.1
      rc-resize-observer: 1.2.0
      rc-select: 14.0.6
      rc-slider: 10.0.0
      rc-steps: 4.1.4
      rc-switch: 3.2.2
      rc-table: 7.23.2
      rc-tabs: 11.10.8
      rc-textarea: 0.3.7
      rc-tooltip: 5.1.1
      rc-tree: 5.4.4
      rc-tree-select: 5.1.5
      rc-trigger: 5.2.15
      rc-upload: 4.3.3
      rc-util: 5.20.1
      scroll-into-view-if-needed: 2.2.29
    dev: true

  /array-tree-filter/2.1.0:
    resolution:
      {
        integrity: sha512-4ROwICNlNw/Hqa9v+rk5h22KjmzB1JGTMVKP2AKJBOCgb0yL0ASf0+YvCcLNNwquOHNX48jkeZIJ3a+oOQqKcw==,
      }
    dev: true

  /array.prototype.find/2.2.0:
    resolution:
      {
        integrity: sha512-sn40qmUiLYAcRb/1HsIQjTTZ1kCy8II8VtZJpMn2Aoen9twULhbWXisfh3HimGqMlHGUul0/TfKCnXg42LuPpQ==,
      }
    dependencies:
      call-bind: 1.0.2
      define-properties: 1.1.4
      es-abstract: 1.19.5
      es-shim-unscopables: 1.0.0
    dev: true

  /async-validator/4.0.7:
    resolution:
      {
        integrity: sha512-Pj2IR7u8hmUEDOwB++su6baaRi+QvsgajuFB9j95foM1N2gy5HM4z60hfusIO0fBPG5uLAEl6yCJr1jNSVugEQ==,
      }
    dev: true

  /babel-runtime/6.26.0:
    resolution:
      {
        integrity: sha512-ITKNuq2wKlW1fJg9sSW52eepoYgZBggvOAHC0u/CYu/qxQ9EVzThCgR69BnSXLHjy2f7SY5zaQ4yt7H9ZVxY2g==,
      }
    dependencies:
      core-js: 2.6.12
      regenerator-runtime: 0.11.1
    dev: true

  /bignumber.js/9.0.2:
    resolution:
      {
        integrity: sha512-GAcQvbpsM0pUb0zw1EI0KhQEZ+lRwR5fYaAp3vPOYuP7aDvGy6cVN6XHLauvF8SOga2y0dcLcjt3iQDTSEliyw==,
      }
    dev: true

  /call-bind/1.0.2:
    resolution:
      {
        integrity: sha512-7O+FbCihrB5WGbFYesctwmTKae6rOiIzmz1icreWJ+0aA7LJfuqhEso2T9ncpcFtzMQtzXf2QGGueWJGTYsqrA==,
      }
    dependencies:
      function-bind: 1.1.1
      get-intrinsic: 1.1.1
    dev: true

  /chalk/4.1.2:
    resolution:
      {
        integrity: sha512-oKnbhFyRIXpUuez8iBMmyEa4nbj4IOQyuhc/wy9kY7/WVPcwIO9VA668Pu8RkO7+0G76SLROeyw9CpQ061i4mA==,
      }
    engines: { node: '>=10' }
    dependencies:
      ansi-styles: 4.3.0
      supports-color: 7.2.0
    dev: true

  /classnames/2.3.1:
    resolution:
      {
        integrity: sha512-OlQdbZ7gLfGarSqxesMesDa5uz7KFbID8Kpq/SxIoNGDqY8lSYs0D+hhtBXhcdB3rcbXArFr7vlHheLk1voeNA==,
      }
    dev: true

  /color-convert/2.0.1:
    resolution:
      {
        integrity: sha512-RRECPsj7iu/xb5oKYcsFHSppFNnsj/52OVTRKb4zP5onXwVF3zVmmToNcOfGC+CRDpfK/U584fMg38ZHCaElKQ==,
      }
    engines: { node: '>=7.0.0' }
    dependencies:
      color-name: 1.1.4
    dev: true

  /color-name/1.1.4:
    resolution:
      {
        integrity: sha512-dOy+3AuW3a2wNbZHIuMZpTcgjGuLU/uBL/ubcZF9OXbDo8ff4O8yVp5Bf0efS8uEoYo5q4Fx7dY9OgQGXgAsQA==,
      }
    dev: true

  /commander/9.2.0:
    resolution:
      {
        integrity: sha512-e2i4wANQiSXgnrBlIatyHtP1odfUp0BbV5Y5nEGbxtIrStkEOAAzCUirvLBNXHLr7kwLvJl6V+4V3XV9x7Wd9w==,
      }
    engines: { node: ^12.20.0 || >=14 }
    dev: true

  /compute-scroll-into-view/1.0.17:
    resolution:
      {
        integrity: sha512-j4dx+Fb0URmzbwwMUrhqWM2BEWHdFGx+qZ9qqASHRPqvTYdqvWnHg0H1hIbcyLnvgnoNAVMlwkepyqM3DaIFUg==,
      }
    dev: true

  /copy-to-clipboard/3.3.1:
    resolution:
      {
        integrity: sha512-i13qo6kIHTTpCm8/Wup+0b1mVWETvu2kIMzKoK8FpkLkFxlt0znUAHcMzox+T8sPlqtZXq3CulEjQHsYiGFJUw==,
      }
    dependencies:
      toggle-selection: 1.0.6
    dev: true

  /core-js/2.6.12:
    resolution:
      {
        integrity: sha512-Kb2wC0fvsWfQrgk8HU5lW6U/Lcs8+9aaYcy4ZFc6DDlo4nZ7n70dEgE5rtR0oG6ufKDUnrwfWL1mXR5ljDatrQ==,
      }
    deprecated: core-js@<3.4 is no longer maintained and not recommended for usage due to the number of issues. Because of the V8 engine whims, feature detection in old core-js versions could cause a slowdown up to 100x even if nothing is polyfilled. Please, upgrade your dependencies to the actual version of core-js.
    requiresBuild: true
    dev: true

  /csstype/3.0.11:
    resolution:
      {
        integrity: sha512-sa6P2wJ+CAbgyy4KFssIb/JNMLxFvKF1pCYCSXS8ZMuqZnMsrxqI2E5sPyoTpxoPU/gVZMzr2zjOfg8GIZOMsw==,
      }
    dev: true

  /date-fns/2.28.0:
    resolution:
      {
        integrity: sha512-8d35hViGYx/QH0icHYCeLmsLmMUheMmTyV9Fcm6gvNwdw31yXXH+O85sOBJ+OLnLQMKZowvpKb6FgMIQjcpvQw==,
      }
    engines: { node: '>=0.11' }
    dev: true

  /dayjs/1.11.1:
    resolution:
      {
        integrity: sha512-ER7EjqVAMkRRsxNCC5YqJ9d9VQYuWdGt7aiH2qA5R5wt8ZmWaP2dLUSIK6y/kVzLMlmh1Tvu5xUf4M/wdGJ5KA==,
      }

  /define-properties/1.1.4:
    resolution:
      {
        integrity: sha512-uckOqKcfaVvtBdsVkdPv3XjveQJsNQqmhXgRi8uhvWWuPYZCNlzT8qAyblUgNoXdHdjMTzAqeGjAoli8f+bzPA==,
      }
    engines: { node: '>= 0.4' }
    dependencies:
      has-property-descriptors: 1.0.0
      object-keys: 1.1.1
    dev: true

  /diff-sequences/27.5.1:
    resolution:
      {
        integrity: sha512-k1gCAXAsNgLwEL+Y8Wvl+M6oEFj5bgazfZULpS5CneoPPXRaCCW7dm+q21Ky2VEE5X+VeRDBVg1Pcvvsr4TtNQ==,
      }
    engines: { node: ^10.13.0 || ^12.13.0 || ^14.15.0 || >=15.0.0 }
    dev: true

  /dom-align/1.12.2:
    resolution:
      {
        integrity: sha512-pHuazgqrsTFrGU2WLDdXxCFabkdQDx72ddkraZNih1KsMcN5qsRSTR9O4VJRlwTPCPb5COYg3LOfiMHHcPInHg==,
      }
    dev: true

  /dom-helpers/3.4.0:
    resolution:
      {
        integrity: sha512-LnuPJ+dwqKDIyotW1VzmOZ5TONUN7CwkCR5hrgawTUbkBGYdeoNLZo6nNfGkCrjtE1nXXaj7iMMpDa8/d9WoIA==,
      }
    dependencies:
      '@babel/runtime': 7.17.9
    dev: true

  /enzyme-adapter-react-16/1.15.6:
    resolution:
      {
        integrity: sha512-yFlVJCXh8T+mcQo8M6my9sPgeGzj85HSHi6Apgf1Cvq/7EL/J9+1JoJmJsRxZgyTvPMAqOEpRSu/Ii/ZpyOk0g==,
      }
    peerDependencies:
      enzyme: ^3.0.0
      react: ^16.0.0-0
      react-dom: ^16.0.0-0
    dependencies:
      enzyme-adapter-utils: 1.14.0
      enzyme-shallow-equal: 1.0.4
      has: 1.0.3
      object.assign: 4.1.2
      object.values: 1.1.5
      prop-types: 15.8.1
      react-is: 16.13.1
      react-test-renderer: 16.14.0
      semver: 5.7.1
    dev: true

  /enzyme-adapter-utils/1.14.0:
    resolution:
      {
        integrity: sha512-F/z/7SeLt+reKFcb7597IThpDp0bmzcH1E9Oabqv+o01cID2/YInlqHbFl7HzWBl4h3OdZYedtwNDOmSKkk0bg==,
      }
    peerDependencies:
      react: 0.13.x || 0.14.x || ^15.0.0-0 || ^16.0.0-0
    dependencies:
      airbnb-prop-types: 2.16.0
      function.prototype.name: 1.1.5
      has: 1.0.3
      object.assign: 4.1.2
      object.fromentries: 2.0.5
      prop-types: 15.8.1
      semver: 5.7.1
    dev: true

  /enzyme-shallow-equal/1.0.4:
    resolution:
      {
        integrity: sha512-MttIwB8kKxypwHvRynuC3ahyNc+cFbR8mjVIltnmzQ0uKGqmsfO4bfBuLxb0beLNPhjblUEYvEbsg+VSygvF1Q==,
      }
    dependencies:
      has: 1.0.3
      object-is: 1.1.5
    dev: true

  /es-abstract/1.19.5:
    resolution:
      {
        integrity: sha512-Aa2G2+Rd3b6kxEUKTF4TaW67czBLyAv3z7VOhYRU50YBx+bbsYZ9xQP4lMNazePuFlybXI0V4MruPos7qUo5fA==,
      }
    engines: { node: '>= 0.4' }
    dependencies:
      call-bind: 1.0.2
      es-to-primitive: 1.2.1
      function-bind: 1.1.1
      get-intrinsic: 1.1.1
      get-symbol-description: 1.0.0
      has: 1.0.3
      has-symbols: 1.0.3
      internal-slot: 1.0.3
      is-callable: 1.2.4
      is-negative-zero: 2.0.2
      is-regex: 1.1.4
      is-shared-array-buffer: 1.0.2
      is-string: 1.0.7
      is-weakref: 1.0.2
      object-inspect: 1.12.0
      object-keys: 1.1.1
      object.assign: 4.1.2
      string.prototype.trimend: 1.0.4
      string.prototype.trimstart: 1.0.4
      unbox-primitive: 1.0.1
    dev: true

  /es-shim-unscopables/1.0.0:
    resolution:
      {
        integrity: sha512-Jm6GPcCdC30eMLbZ2x8z2WuRwAws3zTBBKuusffYVUrNj/GVSUAZ+xKMaUpfNDR5IbyNA5LJbaecoUVbmUcB1w==,
      }
    dependencies:
      has: 1.0.3
    dev: true

  /es-to-primitive/1.2.1:
    resolution:
      {
        integrity: sha512-QCOllgZJtaUo9miYBcLChTUaHNjJF3PYs1VidD7AwiEj1kYxKeQTctLAezAOH5ZKRH0g2IgPn6KwB4IT8iRpvA==,
      }
    engines: { node: '>= 0.4' }
    dependencies:
      is-callable: 1.2.4
      is-date-object: 1.0.5
      is-symbol: 1.0.4
    dev: true

  /function-bind/1.1.1:
    resolution:
      {
        integrity: sha512-yIovAzMX49sF8Yl58fSCWJ5svSLuaibPxXQJFLmBObTuCr0Mf1KiPopGM9NiFjiYBCbfaa2Fh6breQ6ANVTI0A==,
      }
    dev: true

  /function.prototype.name/1.1.5:
    resolution:
      {
        integrity: sha512-uN7m/BzVKQnCUF/iW8jYea67v++2u7m5UgENbHRtdDVclOUP+FMPlCNdmk0h/ysGyo2tavMJEDqJAkJdRa1vMA==,
      }
    engines: { node: '>= 0.4' }
    dependencies:
      call-bind: 1.0.2
      define-properties: 1.1.4
      es-abstract: 1.19.5
      functions-have-names: 1.2.2
    dev: true

  /functions-have-names/1.2.2:
    resolution:
      {
        integrity: sha512-bLgc3asbWdwPbx2mNk2S49kmJCuQeu0nfmaOgbs8WIyzzkw3r4htszdIi9Q9EMezDPTYuJx2wvjZ/EwgAthpnA==,
      }
    dev: true

  /get-intrinsic/1.1.1:
    resolution:
      {
        integrity: sha512-kWZrnVM42QCiEA2Ig1bG8zjoIMOgxWwYCEeNdwY6Tv/cOSeGpcoX4pXHfKUxNKVoArnrEr2e9srnAxxGIraS9Q==,
      }
    dependencies:
      function-bind: 1.1.1
      has: 1.0.3
      has-symbols: 1.0.3
    dev: true

  /get-symbol-description/1.0.0:
    resolution:
      {
        integrity: sha512-2EmdH1YvIQiZpltCNgkuiUnyukzxM/R6NDJX31Ke3BG1Nq5b0S2PhX59UKi9vZpPDQVdqn+1IcaAwnzTT5vCjw==,
      }
    engines: { node: '>= 0.4' }
    dependencies:
      call-bind: 1.0.2
      get-intrinsic: 1.1.1
    dev: true

  /has-bigints/1.0.1:
    resolution:
      {
        integrity: sha512-LSBS2LjbNBTf6287JEbEzvJgftkF5qFkmCo9hDRpAzKhUOlJ+hx8dd4USs00SgsUNwc4617J9ki5YtEClM2ffA==,
      }
    dev: true

  /has-flag/4.0.0:
    resolution:
      {
        integrity: sha512-EykJT/Q1KjTWctppgIAgfSO0tKVuZUjhgMr17kqTumMl6Afv3EISleU7qZUzoXDFTAHTDC4NOoG/ZxU3EvlMPQ==,
      }
    engines: { node: '>=8' }
    dev: true

  /has-property-descriptors/1.0.0:
    resolution:
      {
        integrity: sha512-62DVLZGoiEBDHQyqG4w9xCuZ7eJEwNmJRWw2VY84Oedb7WFcA27fiEVe8oUQx9hAUJ4ekurquucTGwsyO1XGdQ==,
      }
    dependencies:
      get-intrinsic: 1.1.1
    dev: true

  /has-symbols/1.0.3:
    resolution:
      {
        integrity: sha512-l3LCuF6MgDNwTDKkdYGEihYjt5pRPbEg46rtlmnSPlUbgmB8LOIrKJbYYFBSbnPaJexMKtiPO8hmeRjRz2Td+A==,
      }
    engines: { node: '>= 0.4' }
    dev: true

  /has-tostringtag/1.0.0:
    resolution:
      {
        integrity: sha512-kFjcSNhnlGV1kyoGk7OXKSawH5JOb/LzUc5w9B02hOTO0dfFRjbHQKvg1d6cf3HbeUmtU9VbbV3qzZ2Teh97WQ==,
      }
    engines: { node: '>= 0.4' }
    dependencies:
      has-symbols: 1.0.3
    dev: true

  /has/1.0.3:
    resolution:
      {
        integrity: sha512-f2dvO0VU6Oej7RkWJGrehjbzMAjFp5/VKPp5tTpWIV4JHHZK1/BxbFRtf/siA2SWTe09caDmVtYYzWEIbBS4zw==,
      }
    engines: { node: '>= 0.4.0' }
    dependencies:
      function-bind: 1.1.1
    dev: true

  /hoist-non-react-statics/3.3.2:
    resolution:
      {
        integrity: sha512-/gGivxi8JPKWNm/W0jSmzcMPpfpPLc3dY/6GxhX2hQ9iGj3aDfklV4ET7NjKpSinLpJ5vafa9iiGIEZg10SfBw==,
      }
    dependencies:
      react-is: 16.13.1
    dev: true

  /internal-slot/1.0.3:
    resolution:
      {
        integrity: sha512-O0DB1JC/sPyZl7cIo78n5dR7eUSwwpYPiXRhTzNxZVAMUuB8vlnRFyLxdrVToks6XPLVnFfbzaVd5WLjhgg+vA==,
      }
    engines: { node: '>= 0.4' }
    dependencies:
      get-intrinsic: 1.1.1
      has: 1.0.3
      side-channel: 1.0.4
    dev: true

  /intersection-observer/0.12.0:
    resolution:
      {
        integrity: sha512-2Vkz8z46Dv401zTWudDGwO7KiGHNDkMv417T5ItcNYfmvHR/1qCTVBO9vwH8zZmQ0WkA/1ARwpysR9bsnop4NQ==,
      }
    dev: false

  /is-bigint/1.0.4:
    resolution:
      {
        integrity: sha512-zB9CruMamjym81i2JZ3UMn54PKGsQzsJeo6xvN3HJJ4CAsQNB6iRutp2To77OfCNuoxspsIhzaPoO1zyCEhFOg==,
      }
    dependencies:
      has-bigints: 1.0.1
    dev: true

  /is-boolean-object/1.1.2:
    resolution:
      {
        integrity: sha512-gDYaKHJmnj4aWxyj6YHyXVpdQawtVLHU5cb+eztPGczf6cjuTdwve5ZIEfgXqH4e57An1D1AKf8CZ3kYrQRqYA==,
      }
    engines: { node: '>= 0.4' }
    dependencies:
      call-bind: 1.0.2
      has-tostringtag: 1.0.0
    dev: true

  /is-callable/1.2.4:
    resolution:
      {
        integrity: sha512-nsuwtxZfMX67Oryl9LCQ+upnC0Z0BgpwntpS89m1H/TLF0zNfzfLMV/9Wa/6MZsj0acpEjAO0KF1xT6ZdLl95w==,
      }
    engines: { node: '>= 0.4' }
    dev: true

  /is-date-object/1.0.5:
    resolution:
      {
        integrity: sha512-9YQaSxsAiSwcvS33MBk3wTCVnWK+HhF8VZR2jRxehM16QcVOdHqPn4VPHmRK4lSr38n9JriurInLcP90xsYNfQ==,
      }
    engines: { node: '>= 0.4' }
    dependencies:
      has-tostringtag: 1.0.0
    dev: true

  /is-negative-zero/2.0.2:
    resolution:
      {
        integrity: sha512-dqJvarLawXsFbNDeJW7zAz8ItJ9cd28YufuuFzh0G8pNHjJMnY08Dv7sYX2uF5UpQOwieAeOExEYAWWfu7ZZUA==,
      }
    engines: { node: '>= 0.4' }
    dev: true

  /is-number-object/1.0.7:
    resolution:
      {
        integrity: sha512-k1U0IRzLMo7ZlYIfzRu23Oh6MiIFasgpb9X76eqfFZAqwH44UI4KTBvBYIZ1dSL9ZzChTB9ShHfLkR4pdW5krQ==,
      }
    engines: { node: '>= 0.4' }
    dependencies:
      has-tostringtag: 1.0.0
    dev: true

  /is-regex/1.1.4:
    resolution:
      {
        integrity: sha512-kvRdxDsxZjhzUX07ZnLydzS1TU/TJlTUHHY4YLL87e37oUA49DfkLqgy+VjFocowy29cKvcSiu+kIv728jTTVg==,
      }
    engines: { node: '>= 0.4' }
    dependencies:
      call-bind: 1.0.2
      has-tostringtag: 1.0.0
    dev: true

  /is-shared-array-buffer/1.0.2:
    resolution:
      {
        integrity: sha512-sqN2UDu1/0y6uvXyStCOzyhAjCSlHceFoMKJW8W9EU9cvic/QdsZ0kEU93HEy3IUEFZIiH/3w+AH/UQbPHNdhA==,
      }
    dependencies:
      call-bind: 1.0.2
    dev: true

  /is-string/1.0.7:
    resolution:
      {
        integrity: sha512-tE2UXzivje6ofPW7l23cjDOMa09gb7xlAqG6jG5ej6uPV32TlWP3NKPigtaGeHNu9fohccRYvIiZMfOOnOYUtg==,
      }
    engines: { node: '>= 0.4' }
    dependencies:
      has-tostringtag: 1.0.0
    dev: true

  /is-symbol/1.0.4:
    resolution:
      {
        integrity: sha512-C/CPBqKWnvdcxqIARxyOh4v1UUEOCHpgDa0WYgpKDFMszcrPcffg5uhwSgPCLD2WWxmq6isisz87tzT01tuGhg==,
      }
    engines: { node: '>= 0.4' }
    dependencies:
      has-symbols: 1.0.3
    dev: true

  /is-weakref/1.0.2:
    resolution:
      {
        integrity: sha512-qctsuLZmIQ0+vSSMfoVvyFe2+GSEvnmZ2ezTup1SBse9+twCCeial6EEi3Nc2KFcf6+qz2FBPnjXsk8xhKSaPQ==,
      }
    dependencies:
      call-bind: 1.0.2
    dev: true

  /jest-diff/27.5.1:
    resolution:
      {
        integrity: sha512-m0NvkX55LDt9T4mctTEgnZk3fmEg3NRYutvMPWM/0iPnkFj2wIeF45O1718cMSOFO1vINkqmxqD8vE37uTEbqw==,
      }
    engines: { node: ^10.13.0 || ^12.13.0 || ^14.15.0 || >=15.0.0 }
    dependencies:
      chalk: 4.1.2
      diff-sequences: 27.5.1
      jest-get-type: 27.5.1
      pretty-format: 27.5.1
    dev: true

  /jest-get-type/27.5.1:
    resolution:
      {
        integrity: sha512-2KY95ksYSaK7DMBWQn6dQz3kqAf3BB64y2udeG+hv4KfSOb9qwcYQstTJc1KCbsix+wLZWZYN8t7nwX3GOBLRw==,
      }
    engines: { node: ^10.13.0 || ^12.13.0 || ^14.15.0 || >=15.0.0 }
    dev: true

  /jest-websocket-mock/2.3.0:
    resolution:
      {
        integrity: sha512-kXhRRApRdT4hLG/4rhsfcR0Ke0OzqIsDj0P5t0dl5aiAftShSgoRqp/0pyjS5bh+b9GrIzmfkrV2cn9LxxvSvA==,
      }
    dependencies:
      jest-diff: 27.5.1
      mock-socket: 9.1.2
    dev: true

  /js-cookie/2.2.1:
    resolution:
      {
        integrity: sha512-HvdH2LzI/EAZcUwA8+0nKNtWHqS+ZmijLA30RwZA0bo7ToCckjK5MkGhjED9KoRcXO6BaGI3I9UIzSA1FKFPOQ==,
      }
    dev: false

  /js-tokens/4.0.0:
    resolution:
      {
        integrity: sha512-RdJUflcE3cUzKiMqQgsCu06FPu9UdIJO0beYbPhHN4k6apgJtifcoCtT9bcxOpYBtpD2kCM6Sbzg4CausW/PKQ==,
      }
    dev: true

  /json2mq/0.2.0:
    resolution:
      {
        integrity: sha512-SzoRg7ux5DWTII9J2qkrZrqV1gt+rTaoufMxEzXbS26Uid0NwaJd123HcoB80TgubEppxxIGdNxCx50fEoEWQA==,
      }
    dependencies:
      string-convert: 0.2.1
    dev: true

  /lodash.clonedeep/4.5.0:
    resolution:
      {
        integrity: sha512-H5ZhCF25riFd9uB5UCkVKo61m3S/xZk1x4wA6yp/L3RFP6Z/eHH1ymQcGLo7J3GMPfm0V/7m1tryHuGVxpqEBQ==,
      }
    dev: true

  /lodash/4.17.21:
    resolution:
      {
        integrity: sha512-v2kDEe57lecTulaDIuNTPy3Ry4gLGJ6Z1O3vE1krgXZNrsQ+LFTGHVxVjcXPs17LhbZVGedAJv8XZ1tvj5FvSg==,
      }

  /loose-envify/1.4.0:
    resolution:
      {
        integrity: sha512-lyuxPGr/Wfhrlem2CL/UcnUc1zcqKAImBDzukY7Y5F/yQiNdko6+fRLevlw1HgMySw7f611UIY408EtxRSoK3Q==,
      }
    hasBin: true
    dependencies:
      js-tokens: 4.0.0
    dev: true

  /memoize-one/6.0.0:
    resolution:
      {
        integrity: sha512-rkpe71W0N0c0Xz6QD0eJETuWAJGnJ9afsl1srmwPrI+yBCkge5EycXXbYRyvL29zZVUWQCY7InPRCv3GDXuZNw==,
      }
    dev: true

  /mock-socket/9.1.2:
    resolution:
      {
        integrity: sha512-XKZkCnQ9ISOlTnaPg4LYYSMj7+6i78HyadYzLA5JM4465ibLdjappZD9Csnqc3Tfzep/eEK/LCJ29BTaLHoB1A==,
      }
    engines: { node: '>= 8' }
    dev: true

  /mockjs/1.1.0:
    resolution:
      {
        integrity: sha512-eQsKcWzIaZzEZ07NuEyO4Nw65g0hdWAyurVol1IPl1gahRwY+svqzfgfey8U8dahLwG44d6/RwEzuK52rSa/JQ==,
      }
    hasBin: true
    dependencies:
      commander: 9.2.0
    dev: true

  /moment/2.29.2:
    resolution:
      {
        integrity: sha512-UgzG4rvxYpN15jgCmVJwac49h9ly9NurikMWGPdVxm8GZD6XjkKPxDTjQQ43gtGgnV3X0cAyWDdP2Wexoquifg==,
      }
    dev: true

  /object-assign/4.1.1:
    resolution:
      {
        integrity: sha512-rJgTQnkUnH1sFw8yT6VSU3zD3sWmu6sZhIseY8VX+GRu3P6F7Fu+JNDoXfklElbLJSnc3FUQHVe4cU5hj+BcUg==,
      }
    engines: { node: '>=0.10.0' }
    dev: true

  /object-inspect/1.12.0:
    resolution:
      {
        integrity: sha512-Ho2z80bVIvJloH+YzRmpZVQe87+qASmBUKZDWgx9cu+KDrX2ZDH/3tMy+gXbZETVGs2M8YdxObOh7XAtim9Y0g==,
      }
    dev: true

  /object-is/1.1.5:
    resolution:
      {
        integrity: sha512-3cyDsyHgtmi7I7DfSSI2LDp6SK2lwvtbg0p0R1e0RvTqF5ceGx+K2dfSjm1bKDMVCFEDAQvy+o8c6a7VujOddw==,
      }
    engines: { node: '>= 0.4' }
    dependencies:
      call-bind: 1.0.2
      define-properties: 1.1.4
    dev: true

  /object-keys/1.1.1:
    resolution:
      {
        integrity: sha512-NuAESUOUMrlIXOfHKzD6bpPu3tYt3xvjNdRIQ+FeT0lNb4K8WR70CaDxhuNguS2XG+GjkyMwOzsN5ZktImfhLA==,
      }
    engines: { node: '>= 0.4' }
    dev: true

  /object.assign/4.1.2:
    resolution:
      {
        integrity: sha512-ixT2L5THXsApyiUPYKmW+2EHpXXe5Ii3M+f4e+aJFAHao5amFRW6J0OO6c/LU8Be47utCx2GL89hxGB6XSmKuQ==,
      }
    engines: { node: '>= 0.4' }
    dependencies:
      call-bind: 1.0.2
      define-properties: 1.1.4
      has-symbols: 1.0.3
      object-keys: 1.1.1
    dev: true

  /object.entries/1.1.5:
    resolution:
      {
        integrity: sha512-TyxmjUoZggd4OrrU1W66FMDG6CuqJxsFvymeyXI51+vQLN67zYfZseptRge703kKQdo4uccgAKebXFcRCzk4+g==,
      }
    engines: { node: '>= 0.4' }
    dependencies:
      call-bind: 1.0.2
      define-properties: 1.1.4
      es-abstract: 1.19.5
    dev: true

  /object.fromentries/2.0.5:
    resolution:
      {
        integrity: sha512-CAyG5mWQRRiBU57Re4FKoTBjXfDoNwdFVH2Y1tS9PqCsfUTymAohOkEMSG3aRNKmv4lV3O7p1et7c187q6bynw==,
      }
    engines: { node: '>= 0.4' }
    dependencies:
      call-bind: 1.0.2
      define-properties: 1.1.4
      es-abstract: 1.19.5
    dev: true

  /object.values/1.1.5:
    resolution:
      {
        integrity: sha512-QUZRW0ilQ3PnPpbNtgdNV1PDbEqLIiSFB3l+EnGtBQ/8SUTLj1PZwtQHABZtLgwpJZTSZhuGLOGk57Drx2IvYg==,
      }
    engines: { node: '>= 0.4' }
    dependencies:
      call-bind: 1.0.2
      define-properties: 1.1.4
      es-abstract: 1.19.5
    dev: true

  /pretty-format/27.5.1:
    resolution:
      {
        integrity: sha512-Qb1gy5OrP5+zDf2Bvnzdl3jsTf1qXVMazbvCoKhtKqVs4/YK4ozX4gKQJJVyNe+cajNPn0KoC0MC3FUmaHWEmQ==,
      }
    engines: { node: ^10.13.0 || ^12.13.0 || ^14.15.0 || >=15.0.0 }
    dependencies:
      ansi-regex: 5.0.1
      ansi-styles: 5.2.0
      react-is: 17.0.2
    dev: true

  /prop-types-exact/1.2.0:
    resolution:
      {
        integrity: sha512-K+Tk3Kd9V0odiXFP9fwDHUYRyvK3Nun3GVyPapSIs5OBkITAm15W0CPFD/YKTkMUAbc0b9CUwRQp2ybiBIq+eA==,
      }
    dependencies:
      has: 1.0.3
      object.assign: 4.1.2
      reflect.ownkeys: 0.2.0
    dev: true

  /prop-types/15.8.1:
    resolution:
      {
        integrity: sha512-oj87CgZICdulUohogVAR7AjlC0327U4el4L6eAvOqCeudMDVU0NThNaV+b9Df4dXgSP1gXMTnPdhfe/2qDH5cg==,
      }
    dependencies:
      loose-envify: 1.4.0
      object-assign: 4.1.1
      react-is: 16.13.1
    dev: true

  /rc-align/4.0.11:
    resolution:
      {
        integrity: sha512-n9mQfIYQbbNTbefyQnRHZPWuTEwG1rY4a9yKlIWHSTbgwI+XUMGRYd0uJ5pE2UbrNX0WvnMBA1zJ3Lrecpra/A==,
      }
    peerDependencies:
      react: '>=16.9.0'
      react-dom: '>=16.9.0'
    dependencies:
      '@babel/runtime': 7.17.9
      classnames: 2.3.1
      dom-align: 1.12.2
      lodash: 4.17.21
      rc-util: 5.20.1
      resize-observer-polyfill: 1.5.1
    dev: true

  /rc-cascader/3.2.9:
    resolution:
      {
        integrity: sha512-Mvkegzf506PD7qc38kg2tGllIBXs5dio3DPg+NER7SiOfCXBCATWYEs0CbUp8JDQgYHoHF0vPvFMYtxFTJuWaw==,
      }
    peerDependencies:
      react: '>=16.9.0'
      react-dom: '>=16.9.0'
    dependencies:
      '@babel/runtime': 7.17.9
      array-tree-filter: 2.1.0
      classnames: 2.3.1
      rc-select: 14.0.6
      rc-tree: 5.4.4
      rc-util: 5.20.1
    dev: true

  /rc-checkbox/2.3.2:
    resolution:
      {
        integrity: sha512-afVi1FYiGv1U0JlpNH/UaEXdh6WUJjcWokj/nUN2TgG80bfG+MDdbfHKlLcNNba94mbjy2/SXJ1HDgrOkXGAjg==,
      }
    peerDependencies:
      react: '>=16.9.0'
      react-dom: '>=16.9.0'
    dependencies:
      '@babel/runtime': 7.17.9
      classnames: 2.3.1
    dev: true

  /rc-collapse/3.1.4:
    resolution:
      {
        integrity: sha512-WayrhswKMwuJab9xbqFxXTgV0m6X8uOPEO6zm/GJ5YJiJ/wIh/Dd2VtWeI06HYUEnTFv0HNcYv+zWbB+p6OD2A==,
      }
    peerDependencies:
      react: '>=16.9.0'
      react-dom: '>=16.9.0'
    dependencies:
      '@babel/runtime': 7.17.9
      classnames: 2.3.1
      rc-motion: 2.4.9
      rc-util: 5.20.1
      shallowequal: 1.1.0
    dev: true

  /rc-dialog/8.6.0:
    resolution:
      {
        integrity: sha512-GSbkfqjqxpZC5/zc+8H332+q5l/DKUhpQr0vdX2uDsxo5K0PhvaMEVjyoJUTkZ3+JstEADQji1PVLVb/2bJeOQ==,
      }
    peerDependencies:
      react: '>=16.9.0'
      react-dom: '>=16.9.0'
    dependencies:
      '@babel/runtime': 7.17.9
      classnames: 2.3.1
      rc-motion: 2.4.9
      rc-util: 5.20.1
    dev: true

  /rc-drawer/4.4.3:
    resolution:
      {
        integrity: sha512-FYztwRs3uXnFOIf1hLvFxIQP9MiZJA+0w+Os8dfDh/90X7z/HqP/Yg+noLCIeHEbKln1Tqelv8ymCAN24zPcfQ==,
      }
    peerDependencies:
      react: '>=16.9.0'
      react-dom: '>=16.9.0'
    dependencies:
      '@babel/runtime': 7.17.9
      classnames: 2.3.1
      rc-util: 5.20.1
    dev: true

  /rc-dropdown/3.3.3:
    resolution:
      {
        integrity: sha512-UNe68VpvtrpU0CS4jh5hD4iGqzi4Pdp7uOya6+H3QIEZxe7K+Xs11BNjZm6W4MaL0jTmzUj+bxvnq5bP3rRoVQ==,
      }
    peerDependencies:
      react: '>=16.11.0'
      react-dom: '>=16.11.0'
    dependencies:
      '@babel/runtime': 7.17.9
      classnames: 2.3.1
      rc-trigger: 5.2.15
      rc-util: 5.20.1
    dev: true

  /rc-field-form/1.25.2:
    resolution:
      {
        integrity: sha512-FXGScWibDlwIlKY15T1YOA7VTtMJwqxxXdDjHB56ZNx7wGbE4vK+Fe2zcymyakGZD0ej8NUP5LGr7qBVWaVpUQ==,
      }
    engines: { node: '>=8.x' }
    peerDependencies:
      react: '>=16.9.0'
      react-dom: '>=16.9.0'
    dependencies:
      '@babel/runtime': 7.17.9
      async-validator: 4.0.7
      rc-util: 5.20.1
    dev: true

  /rc-image/5.2.5:
    resolution:
      {
        integrity: sha512-qUfZjYIODxO0c8a8P5GeuclYXZjzW4hV/5hyo27XqSFo1DmTCs2HkVeQObkcIk5kNsJtgsj1KoPThVsSc/PXOw==,
      }
    peerDependencies:
      react: '>=16.9.0'
      react-dom: '>=16.9.0'
    dependencies:
      '@babel/runtime': 7.17.9
      classnames: 2.3.1
      rc-dialog: 8.6.0
      rc-util: 5.20.1
    dev: true

  /rc-input-number/7.3.4:
    resolution:
      {
        integrity: sha512-W9uqSzuvJUnz8H8vsVY4kx+yK51SsAxNTwr8SNH4G3XqQNocLVmKIibKFRjocnYX1RDHMND9FFbgj2h7E7nvGA==,
      }
    peerDependencies:
      react: '>=16.9.0'
      react-dom: '>=16.9.0'
    dependencies:
      '@babel/runtime': 7.17.9
      classnames: 2.3.1
      rc-util: 5.20.1
    dev: true

  /rc-input/0.0.1-alpha.6:
    resolution:
      {
        integrity: sha512-kgpmbxa9vp6kPLW7IP5/Lf6wuaMq+pUq+dPz98vIM58h4wkEKgBQlkMIg9OCEVQIiR8rEPEoe4dO2fc9R0aypQ==,
      }
    peerDependencies:
      react: '>=16.0.0'
      react-dom: '>=16.0.0'
    dependencies:
      '@babel/runtime': 7.17.9
      classnames: 2.3.1
      rc-util: 5.20.1
    dev: true

  /rc-mentions/1.6.5:
    resolution:
      {
        integrity: sha512-CUU4+q+awG2pA0l/tG2kPB2ytWbKQUkFxVeKwacr63w7crE/yjfzrFXxs/1fxhyEbQUWdAZt/L25QBieukYQ5w==,
      }
    peerDependencies:
      react: '>=16.9.0'
      react-dom: '>=16.9.0'
    dependencies:
      '@babel/runtime': 7.17.9
      classnames: 2.3.1
      rc-menu: 9.3.2
      rc-textarea: 0.3.7
      rc-trigger: 5.2.15
      rc-util: 5.20.1
    dev: true

  /rc-menu/9.3.2:
    resolution:
      {
        integrity: sha512-h3m45oY1INZyqphGELkdT0uiPnFzxkML8m0VMhJnk2fowtqfiT7F5tJLT3znEVaPIY80vMy1bClCkgq8U91CzQ==,
      }
    peerDependencies:
      react: '>=16.9.0'
      react-dom: '>=16.9.0'
    dependencies:
      '@babel/runtime': 7.17.9
      classnames: 2.3.1
      rc-motion: 2.4.9
      rc-overflow: 1.2.4
      rc-trigger: 5.2.15
      rc-util: 5.20.1
      shallowequal: 1.1.0
    dev: true

  /rc-motion/2.4.9:
    resolution:
      {
        integrity: sha512-lrIpBQQ5gIDVedaubnhXuTjC3zpW7HvC/34KyvcHlf6fBjuBlwv45PbonFhmk4Rgu7gLQYrKoMGgFVXqxxyLCw==,
      }
    peerDependencies:
      react: '>=16.9.0'
      react-dom: '>=16.9.0'
    dependencies:
      '@babel/runtime': 7.17.9
      classnames: 2.3.1
      rc-util: 5.20.1
    dev: true

  /rc-notification/4.5.7:
    resolution:
      {
        integrity: sha512-zhTGUjBIItbx96SiRu3KVURcLOydLUHZCPpYEn1zvh+re//Tnq/wSxN4FKgp38n4HOgHSVxcLEeSxBMTeBBDdw==,
      }
    engines: { node: '>=8.x' }
    peerDependencies:
      react: '>=16.9.0'
      react-dom: '>=16.9.0'
    dependencies:
      '@babel/runtime': 7.17.9
      classnames: 2.3.1
      rc-motion: 2.4.9
      rc-util: 5.20.1
    dev: true

  /rc-overflow/1.2.4:
    resolution:
      {
        integrity: sha512-nIeelyYfdS+mQBK1++FisLZEvZ8xVAzC+duG+TC4TmqNN+kTHraiGntV9/zxDGA1ruyQ91YRJ549JjFodCBnsw==,
      }
    peerDependencies:
      react: '>=16.9.0'
      react-dom: '>=16.9.0'
    dependencies:
      '@babel/runtime': 7.17.9
      classnames: 2.3.1
      rc-resize-observer: 1.2.0
      rc-util: 5.20.1
    dev: true

  /rc-pagination/3.1.15:
    resolution:
      {
        integrity: sha512-4L3fot8g4E+PjWEgoVGX0noFCg+8ZFZmeLH4vsnZpB3O2T2zThtakjNxG+YvSaYtyMVT4B+GLayjKrKbXQpdAg==,
      }
    peerDependencies:
      react: '>=16.9.0'
      react-dom: '>=16.9.0'
    dependencies:
      '@babel/runtime': 7.17.9
      classnames: 2.3.1
    dev: true

  /rc-picker/2.6.7:
    resolution:
      {
        integrity: sha512-+P2Grt0r2kmCkw2XTp9ew3zTCwBCFEOQLd5BYs+hFaGDSSZwEWJtlbGXAGqWnAUMFx6JrCsKYkDKXDxAWlRz3A==,
      }
    engines: { node: '>=8.x' }
    peerDependencies:
      react: '>=16.9.0'
      react-dom: '>=16.9.0'
    dependencies:
      '@babel/runtime': 7.17.9
      classnames: 2.3.1
      date-fns: 2.28.0
      dayjs: 1.11.1
      moment: 2.29.2
      rc-trigger: 5.2.15
      rc-util: 5.20.1
      shallowequal: 1.1.0
    dev: true

  /rc-progress/3.2.4:
    resolution:
      {
        integrity: sha512-M9WWutRaoVkPUPIrTpRIDpX0SPSrVHzxHdCRCbeoBFrd9UFWTYNWRlHsruJM5FH1AZI+BwB4wOJUNNylg/uFSw==,
      }
    peerDependencies:
      react: '>=16.9.0'
      react-dom: '>=16.9.0'
    dependencies:
      '@babel/runtime': 7.17.9
      classnames: 2.3.1
      rc-util: 5.20.1
    dev: true

  /rc-rate/2.9.1:
    resolution:
      {
        integrity: sha512-MmIU7FT8W4LYRRHJD1sgG366qKtSaKb67D0/vVvJYR0lrCuRrCiVQ5qhfT5ghVO4wuVIORGpZs7ZKaYu+KMUzA==,
      }
    engines: { node: '>=8.x' }
    peerDependencies:
      react: '>=16.9.0'
      react-dom: '>=16.9.0'
    dependencies:
      '@babel/runtime': 7.17.9
      classnames: 2.3.1
      rc-util: 5.20.1
    dev: true

  /rc-resize-observer/1.2.0:
    resolution:
      {
        integrity: sha512-6W+UzT3PyDM0wVCEHfoW3qTHPTvbdSgiA43buiy8PzmeMnfgnDeb9NjdimMXMl3/TcrvvWl5RRVdp+NqcR47pQ==,
      }
    peerDependencies:
      react: '>=16.9.0'
      react-dom: '>=16.9.0'
    dependencies:
      '@babel/runtime': 7.17.9
      classnames: 2.3.1
      rc-util: 5.20.1
      resize-observer-polyfill: 1.5.1
    dev: true

  /rc-select/14.0.6:
    resolution:
      {
        integrity: sha512-HMb2BwfTvBxMmIWTR/afP4bcRJLbVKFSBW/VFfL5Z+kdV2XlrYdlliK2uHY7pRRvW16PPGwmOwGfV+eoulPINw==,
      }
    engines: { node: '>=8.x' }
    peerDependencies:
      react: '*'
      react-dom: '*'
    dependencies:
      '@babel/runtime': 7.17.9
      classnames: 2.3.1
      rc-motion: 2.4.9
      rc-overflow: 1.2.4
      rc-trigger: 5.2.15
      rc-util: 5.20.1
      rc-virtual-list: 3.4.6
    dev: true

  /rc-slider/10.0.0:
    resolution:
      {
        integrity: sha512-Bk54UIKWW4wyhHcL8ehAxt+wX+n69dscnHTX6Uv0FMxSke/TGrlkZz1LSIWblCpfE2zr/dwR2Ca8nZGk3U+Tbg==,
      }
    engines: { node: '>=8.x' }
    peerDependencies:
      react: '>=16.9.0'
      react-dom: '>=16.9.0'
    dependencies:
      '@babel/runtime': 7.17.9
      classnames: 2.3.1
      rc-tooltip: 5.1.1
      rc-util: 5.20.1
      shallowequal: 1.1.0
    dev: true

  /rc-steps/4.1.4:
    resolution:
      {
        integrity: sha512-qoCqKZWSpkh/b03ASGx1WhpKnuZcRWmvuW+ZUu4mvMdfvFzVxblTwUM+9aBd0mlEUFmt6GW8FXhMpHkK3Uzp3w==,
      }
    engines: { node: '>=8.x' }
    peerDependencies:
      react: '>=16.9.0'
      react-dom: '>=16.9.0'
    dependencies:
      '@babel/runtime': 7.17.9
      classnames: 2.3.1
      rc-util: 5.20.1
    dev: true

  /rc-switch/3.2.2:
    resolution:
      {
        integrity: sha512-+gUJClsZZzvAHGy1vZfnwySxj+MjLlGRyXKXScrtCTcmiYNPzxDFOxdQ/3pK1Kt/0POvwJ/6ALOR8gwdXGhs+A==,
      }
    peerDependencies:
      react: '>=16.9.0'
      react-dom: '>=16.9.0'
    dependencies:
      '@babel/runtime': 7.17.9
      classnames: 2.3.1
      rc-util: 5.20.1
    dev: true

  /rc-table/7.23.2:
    resolution:
      {
        integrity: sha512-opc2IBJOetsPSdNI+u1Lh9yY4Ks+EMgo1oJzZN+yIV4fRcgP81tHtxdPOVvXPFI4rUMO8CKnmHbGPU7jxMRAeg==,
      }
    engines: { node: '>=8.x' }
    peerDependencies:
      react: '>=16.9.0'
      react-dom: '>=16.9.0'
    dependencies:
      '@babel/runtime': 7.17.9
      classnames: 2.3.1
      rc-resize-observer: 1.2.0
      rc-util: 5.20.1
      shallowequal: 1.1.0
    dev: true

  /rc-tabs/11.10.8:
    resolution:
      {
        integrity: sha512-uK+x+eJ8WM4jiXoqGa+P+JUQX2Wlkj9f0o/5dyOw42B6YLnHJN80uTVcCeAmtA1N0xjPW0GNSZvUm4SU3jAYpw==,
      }
    engines: { node: '>=8.x' }
    peerDependencies:
      react: '>=16.9.0'
      react-dom: '>=16.9.0'
    dependencies:
      '@babel/runtime': 7.17.9
      classnames: 2.3.1
      rc-dropdown: 3.3.3
      rc-menu: 9.3.2
      rc-resize-observer: 1.2.0
      rc-util: 5.20.1
    dev: true

  /rc-textarea/0.3.7:
    resolution:
      {
        integrity: sha512-yCdZ6binKmAQB13hc/oehh0E/QRwoPP1pjF21aHBxlgXO3RzPF6dUu4LG2R4FZ1zx/fQd2L1faktulrXOM/2rw==,
      }
    peerDependencies:
      react: '>=16.9.0'
      react-dom: '>=16.9.0'
    dependencies:
      '@babel/runtime': 7.17.9
      classnames: 2.3.1
      rc-resize-observer: 1.2.0
      rc-util: 5.20.1
      shallowequal: 1.1.0
    dev: true

  /rc-tooltip/5.1.1:
    resolution:
      {
        integrity: sha512-alt8eGMJulio6+4/uDm7nvV+rJq9bsfxFDCI0ljPdbuoygUscbsMYb6EQgwib/uqsXQUvzk+S7A59uYHmEgmDA==,
      }
    peerDependencies:
      react: '>=16.9.0'
      react-dom: '>=16.9.0'
    dependencies:
      '@babel/runtime': 7.17.9
      rc-trigger: 5.2.15
    dev: true

  /rc-tree-select/5.1.5:
    resolution:
      {
        integrity: sha512-OXAwCFO0pQmb48NcjUJtiX6rp4FroCXMfzqPmuVVoBGBV/uwO1TPyb+uBZ2/972zkCA8u4je5M5Qx51sL8y7jg==,
      }
    peerDependencies:
      react: '*'
      react-dom: '*'
    dependencies:
      '@babel/runtime': 7.17.9
      classnames: 2.3.1
      rc-select: 14.0.6
      rc-tree: 5.4.4
      rc-util: 5.20.1
    dev: true

  /rc-tree/5.4.4:
    resolution:
      {
        integrity: sha512-2qoObRgp31DBXmVzMJmo4qmwP20XEa4hR3imWQtRPcgN3pmljW3WKFmZRrYdOFHz7CyTnRsFZR065bBkIoUpiA==,
      }
    engines: { node: '>=10.x' }
    peerDependencies:
      react: '*'
      react-dom: '*'
    dependencies:
      '@babel/runtime': 7.17.9
      classnames: 2.3.1
      rc-motion: 2.4.9
      rc-util: 5.20.1
      rc-virtual-list: 3.4.6
    dev: true

  /rc-trigger/5.2.15:
    resolution:
      {
        integrity: sha512-VxZWqCObtUOzs9V9Be0dDA2JGchriDpvQaJpsCI2EQ4+KWHIvjFz6Ziina4uxK5drRsn0RnBi7nngmTl9j/F7Q==,
      }
    engines: { node: '>=8.x' }
    peerDependencies:
      react: '>=16.9.0'
      react-dom: '>=16.9.0'
    dependencies:
      '@babel/runtime': 7.17.9
      classnames: 2.3.1
      rc-align: 4.0.11
      rc-motion: 2.4.9
      rc-util: 5.20.1
    dev: true

  /rc-upload/4.3.3:
    resolution:
      {
        integrity: sha512-YoJ0phCRenMj1nzwalXzciKZ9/FAaCrFu84dS5pphwucTC8GUWClcDID/WWNGsLFcM97NqIboDqrV82rVRhW/w==,
      }
    peerDependencies:
      react: '>=16.9.0'
      react-dom: '>=16.9.0'
    dependencies:
      '@babel/runtime': 7.17.9
      classnames: 2.3.1
      rc-util: 5.20.1
    dev: true

  /rc-util/5.20.1:
    resolution:
      {
        integrity: sha512-2IEyErPAYl0Up5gBu71e8IkOs+/SL9XRUvnGhtsr7IHlXLx2OsbQKTDpWacJbzLCmNcgJylDGj1kiklx+zagRA==,
      }
    peerDependencies:
      react: '>=16.9.0'
      react-dom: '>=16.9.0'
    dependencies:
      '@babel/runtime': 7.17.9
      react-is: 16.13.1
      shallowequal: 1.1.0
    dev: true

  /rc-virtual-list/3.4.6:
    resolution:
      {
        integrity: sha512-wMJ7Bl+AxgIDojp0VxuQxjpNulKodwxGXSsTyxA9Mwzwemj5vKAgTbkPT64ZW5ORf8FOQAaPRlMiTADrPEo3sQ==,
      }
    engines: { node: '>=8.x' }
    peerDependencies:
      react: '*'
      react-dom: '*'
    dependencies:
      classnames: 2.3.1
      rc-resize-observer: 1.2.0
      rc-util: 5.20.1
    dev: true

  /react-drag-listview/0.1.9:
    resolution:
      {
        integrity: sha512-/OsYevKtCUlw4FhJIfZPH7INHEmyl89sSC5COzonHW5Z2c8rHg4DNYFnUxOyqH+65o7sHweL13oaf6wr7dFvPA==,
      }
    dependencies:
      babel-runtime: 6.26.0
      prop-types: 15.8.1
    dev: true

  /react-is/16.13.1:
    resolution:
      {
        integrity: sha512-24e6ynE2H+OKt4kqsOvNd8kBpV65zoxbA4BVsEOB3ARVWQki/DHzaUoC5KuON/BiccDaCCTZBuOcfZs70kR8bQ==,
      }
    dev: true

  /react-is/17.0.2:
    resolution:
      {
        integrity: sha512-w2GsyukL62IJnlaff/nRegPQR94C/XXamvMWmSHRJ4y7Ts/4ocGRmTHvOs8PSE6pB3dWOrD/nueuU5sduBsQ4w==,
      }
    dev: true

  /react-lifecycles-compat/3.0.4:
    resolution:
      {
        integrity: sha512-fBASbA6LnOU9dOU2eW7aQ8xmYBSXUIWr+UmF9b1efZBazGNO+rcXT/icdKnYm2pTwcRylVUYwW7H1PHfLekVzA==,
      }
    dev: true

  /react-test-renderer/16.14.0:
    resolution:
      {
        integrity: sha512-L8yPjqPE5CZO6rKsKXRO/rVPiaCOy0tQQJbC+UjPNlobl5mad59lvPjwFsQHTvL03caVDIVr9x9/OSgDe6I5Eg==,
      }
    peerDependencies:
      react: ^16.14.0
    dependencies:
      object-assign: 4.1.1
      prop-types: 15.8.1
      react-is: 16.13.1
      scheduler: 0.19.1
    dev: true

  /react-transition-group/2.9.0:
    resolution:
      {
        integrity: sha512-+HzNTCHpeQyl4MJ/bdE0u6XRMe9+XG/+aL4mCxVN4DnPBQ0/5bfHWPDuOZUzYdMj94daZaZdCCc1Dzt9R/xSSg==,
      }
    peerDependencies:
      react: '>=15.0.0'
      react-dom: '>=15.0.0'
    dependencies:
      dom-helpers: 3.4.0
      loose-envify: 1.4.0
      prop-types: 15.8.1
      react-lifecycles-compat: 3.0.4
    dev: true

  /reflect.ownkeys/0.2.0:
    resolution:
      {
        integrity: sha512-qOLsBKHCpSOFKK1NUOCGC5VyeufB6lEsFe92AL2bhIJsacZS1qdoOZSbPk3MYKuT2cFlRDnulKXuuElIrMjGUg==,
      }
    dev: true

  /regenerator-runtime/0.11.1:
    resolution:
      {
        integrity: sha512-MguG95oij0fC3QV3URf4V2SDYGJhJnJGqvIIgdECeODCT98wSWDAJ94SSuVpYQUoTcGUIL6L4yNB7j1DFFHSBg==,
      }
    dev: true

  /regenerator-runtime/0.13.9:
    resolution:
      {
        integrity: sha512-p3VT+cOEgxFsRRA9X4lkI1E+k2/CtnKtU4gcxyaCUreilL/vqI6CdZ3wxVUx3UOUg+gnUOQQcRI7BmSI656MYA==,
      }
    dev: true

  /resize-observer-polyfill/1.5.1:
    resolution:
      {
        integrity: sha512-LwZrotdHOo12nQuZlHEmtuXdqGoOD0OhaxopaNFxWzInpEgaLWoVuAMbTzixuosCx2nEG58ngzW3vxdWoxIgdg==,
      }

  /scheduler/0.19.1:
    resolution:
      {
        integrity: sha512-n/zwRWRYSUj0/3g/otKDRPMh6qv2SYMWNq85IEa8iZyAv8od9zDYpGSnpBEjNgcMNq6Scbu5KfIPxNF72R/2EA==,
      }
    dependencies:
      loose-envify: 1.4.0
      object-assign: 4.1.1
    dev: true

  /screenfull/5.2.0:
    resolution:
      {
        integrity: sha512-9BakfsO2aUQN2K9Fdbj87RJIEZ82Q9IGim7FqM5OsebfoFC6ZHXgDq/KvniuLTPdeM8wY2o6Dj3WQ7KeQCj3cA==,
      }
    engines: { node: '>=0.10.0' }
    dev: false

  /scroll-into-view-if-needed/2.2.29:
    resolution:
      {
        integrity: sha512-hxpAR6AN+Gh53AdAimHM6C8oTN1ppwVZITihix+WqalywBeFcQ6LdQP5ABNl26nX8GTEL7VT+b8lKpdqq65wXg==,
      }
    dependencies:
      compute-scroll-into-view: 1.0.17
    dev: true

  /semver/5.7.1:
    resolution:
      {
        integrity: sha512-sauaDf/PZdVgrLTNYHRtpXa1iRiKcaebiKQ1BJdpQlWH2lCvexQdX55snPFyK7QzpudqbCI0qXFfOasHdyNDGQ==,
      }
    hasBin: true
    dev: true

  /shallow-element-equals/1.0.1:
    resolution:
      {
        integrity: sha512-TwyvU5ZIISuZAmX7juTupVggTW9avkp+Swz0amKicADbQrnhP5kAPkPbL8gKSFv9QkkzhTg2u3Se6TjGhn1xlQ==,
      }
    dependencies:
      style-equal: 1.0.0
    dev: true

  /shallowequal/1.1.0:
    resolution:
      {
        integrity: sha512-y0m1JoUZSlPAjXVtPPW70aZWfIL/dSP7AFkRnniLCrK/8MDKog3TySTBmckD+RObVxH0v4Tox67+F14PdED2oQ==,
      }
    dev: true

  /side-channel/1.0.4:
    resolution:
      {
        integrity: sha512-q5XPytqFEIKHkGdiMIrY10mvLRvnQh42/+GoBlFW3b2LXLE2xxJpZFdm94we0BaoV3RwJyGqg5wS7epxTv0Zvw==,
      }
    dependencies:
      call-bind: 1.0.2
      get-intrinsic: 1.1.1
      object-inspect: 1.12.0
    dev: true

  /string-convert/0.2.1:
    resolution:
      {
        integrity: sha512-u/1tdPl4yQnPBjnVrmdLo9gtuLvELKsAoRapekWggdiQNvvvum+jYF329d84NAa660KQw7pB2n36KrIKVoXa3A==,
      }
    dev: true

  /string.prototype.trimend/1.0.4:
    resolution:
      {
        integrity: sha512-y9xCjw1P23Awk8EvTpcyL2NIr1j7wJ39f+k6lvRnSMz+mz9CGz9NYPelDk42kOz6+ql8xjfK8oYzy3jAP5QU5A==,
      }
    dependencies:
      call-bind: 1.0.2
      define-properties: 1.1.4
    dev: true

  /string.prototype.trimstart/1.0.4:
    resolution:
      {
        integrity: sha512-jh6e984OBfvxS50tdY2nRZnoC5/mLFKOREQfw8t5yytkoUsJRNxvI/E39qu1sD0OtWI3OC0XgKSmcWwziwYuZw==,
      }
    dependencies:
      call-bind: 1.0.2
      define-properties: 1.1.4
    dev: true

  /style-equal/1.0.0:
    resolution:
      {
        integrity: sha512-gf20kfwh7eXsgPcwvYqViCBHr+GXIlpXOZR1wQftNH4/ee2P/yolWUVA/MdMdmMp+0BMfvaMKSIR1DQlY64Btw==,
      }
    dev: true

  /supports-color/7.2.0:
    resolution:
      {
        integrity: sha512-qpCAvRl9stuOHveKsn7HncJRvv501qIacKzQlO/+Lwxc9+0q2wLyv4Dfvt80/DPn2pqOBsJdDiogXGR9+OvwRw==,
      }
    engines: { node: '>=8' }
    dependencies:
      has-flag: 4.0.0
    dev: true

  /toggle-selection/1.0.6:
    resolution:
      {
        integrity: sha512-BiZS+C1OS8g/q2RRbJmy59xpyghNBqrr6k5L/uKBGRsTfxmu3ffiRnd8mlGPUVayg8pvfi5urfnu8TU7DVOkLQ==,
      }
    dev: true

  /unbox-primitive/1.0.1:
    resolution:
      {
        integrity: sha512-tZU/3NqK3dA5gpE1KtyiJUrEB0lxnGkMFHptJ7q6ewdZ8s12QrODwNbhIJStmJkd1QDXa1NRA8aF2A1zk/Ypyw==,
      }
    dependencies:
      function-bind: 1.1.1
      has-bigints: 1.0.1
      has-symbols: 1.0.3
      which-boxed-primitive: 1.0.2
    dev: true

  /which-boxed-primitive/1.0.2:
    resolution:
      {
        integrity: sha512-bwZdv0AKLpplFY2KZRX6TvyuN7ojjr7lwkg6ml0roIy9YeuSr7JS372qlNW18UQYzgYK9ziGcerWqZOmEn9VNg==,
      }
    dependencies:
      is-bigint: 1.0.4
      is-boolean-object: 1.1.2
      is-number-object: 1.0.7
      is-string: 1.0.7
      is-symbol: 1.0.4
    dev: true
